// !$*UTF8*$!
{
	archiveVersion = 1;
	classes = {
	};
	objectVersion = 50;
	objects = {

/* Begin PBXBuildFile section */
		080D410B25373E7900328F8F /* NavBar.swift in Sources */ = {isa = PBXBuildFile; fileRef = 080D410A25373E7900328F8F /* NavBar.swift */; };
		080D410D25373E8C00328F8F /* NavBar.xib in Resources */ = {isa = PBXBuildFile; fileRef = 080D410C25373E8C00328F8F /* NavBar.xib */; };
		083AA68F2536CC5D00EAB488 /* AppDelegate.swift in Sources */ = {isa = PBXBuildFile; fileRef = 083AA68E2536CC5D00EAB488 /* AppDelegate.swift */; };
		083AA6912536CC5D00EAB488 /* SceneDelegate.swift in Sources */ = {isa = PBXBuildFile; fileRef = 083AA6902536CC5D00EAB488 /* SceneDelegate.swift */; };
		083AA6932536CC5D00EAB488 /* ViewController.swift in Sources */ = {isa = PBXBuildFile; fileRef = 083AA6922536CC5D00EAB488 /* ViewController.swift */; };
		083AA6962536CC5D00EAB488 /* Main.storyboard in Resources */ = {isa = PBXBuildFile; fileRef = 083AA6942536CC5D00EAB488 /* Main.storyboard */; };
		083AA6992536CC5D00EAB488 /* Task.xcdatamodeld in Sources */ = {isa = PBXBuildFile; fileRef = 083AA6972536CC5D00EAB488 /* Task.xcdatamodeld */; };
		083AA69B2536CC5E00EAB488 /* Assets.xcassets in Resources */ = {isa = PBXBuildFile; fileRef = 083AA69A2536CC5E00EAB488 /* Assets.xcassets */; };
		083AA69E2536CC5E00EAB488 /* LaunchScreen.storyboard in Resources */ = {isa = PBXBuildFile; fileRef = 083AA69C2536CC5E00EAB488 /* LaunchScreen.storyboard */; };
		083AA6A92536CC5F00EAB488 /* TaskTests.swift in Sources */ = {isa = PBXBuildFile; fileRef = 083AA6A82536CC5F00EAB488 /* TaskTests.swift */; };
		083AA6B42536CC5F00EAB488 /* TaskUITests.swift in Sources */ = {isa = PBXBuildFile; fileRef = 083AA6B32536CC5F00EAB488 /* TaskUITests.swift */; };
		083AA6C22536CDFB00EAB488 /* TableViewController.swift in Sources */ = {isa = PBXBuildFile; fileRef = 083AA6C12536CDFB00EAB488 /* TableViewController.swift */; };
		083AA6C52536D48B00EAB488 /* TableViewCell.swift in Sources */ = {isa = PBXBuildFile; fileRef = 083AA6C32536D48B00EAB488 /* TableViewCell.swift */; };
		083AA6C62536D48B00EAB488 /* TableViewCell.xib in Resources */ = {isa = PBXBuildFile; fileRef = 083AA6C42536D48B00EAB488 /* TableViewCell.xib */; };
		083AA6C82536DF7F00EAB488 /* FoodDetailsModel.swift in Sources */ = {isa = PBXBuildFile; fileRef = 083AA6C72536DF7F00EAB488 /* FoodDetailsModel.swift */; };
		08ED99B92537075C0009EC99 /* CollectionViewCell.swift in Sources */ = {isa = PBXBuildFile; fileRef = 08ED99B72537075C0009EC99 /* CollectionViewCell.swift */; };
		08ED99BA2537075C0009EC99 /* CollectionViewCell.xib in Resources */ = {isa = PBXBuildFile; fileRef = 08ED99B82537075C0009EC99 /* CollectionViewCell.xib */; };
/* End PBXBuildFile section */

/* Begin PBXContainerItemProxy section */
		083AA6A52536CC5F00EAB488 /* PBXContainerItemProxy */ = {
			isa = PBXContainerItemProxy;
			containerPortal = 083AA6832536CC5D00EAB488 /* Project object */;
			proxyType = 1;
			remoteGlobalIDString = 083AA68A2536CC5D00EAB488;
			remoteInfo = Task;
		};
		083AA6B02536CC5F00EAB488 /* PBXContainerItemProxy */ = {
			isa = PBXContainerItemProxy;
			containerPortal = 083AA6832536CC5D00EAB488 /* Project object */;
			proxyType = 1;
			remoteGlobalIDString = 083AA68A2536CC5D00EAB488;
			remoteInfo = Task;
		};
/* End PBXContainerItemProxy section */

/* Begin PBXFileReference section */
		080D410A25373E7900328F8F /* NavBar.swift */ = {isa = PBXFileReference; lastKnownFileType = sourcecode.swift; path = NavBar.swift; sourceTree = "<group>"; };
		080D410C25373E8C00328F8F /* NavBar.xib */ = {isa = PBXFileReference; lastKnownFileType = file.xib; path = NavBar.xib; sourceTree = "<group>"; };
		083AA68B2536CC5D00EAB488 /* Task.app */ = {isa = PBXFileReference; explicitFileType = wrapper.application; includeInIndex = 0; path = Task.app; sourceTree = BUILT_PRODUCTS_DIR; };
		083AA68E2536CC5D00EAB488 /* AppDelegate.swift */ = {isa = PBXFileReference; lastKnownFileType = sourcecode.swift; path = AppDelegate.swift; sourceTree = "<group>"; };
		083AA6902536CC5D00EAB488 /* SceneDelegate.swift */ = {isa = PBXFileReference; lastKnownFileType = sourcecode.swift; path = SceneDelegate.swift; sourceTree = "<group>"; };
		083AA6922536CC5D00EAB488 /* ViewController.swift */ = {isa = PBXFileReference; lastKnownFileType = sourcecode.swift; path = ViewController.swift; sourceTree = "<group>"; };
		083AA6952536CC5D00EAB488 /* Base */ = {isa = PBXFileReference; lastKnownFileType = file.storyboard; name = Base; path = Base.lproj/Main.storyboard; sourceTree = "<group>"; };
		083AA6982536CC5D00EAB488 /* Task.xcdatamodel */ = {isa = PBXFileReference; lastKnownFileType = wrapper.xcdatamodel; path = Task.xcdatamodel; sourceTree = "<group>"; };
		083AA69A2536CC5E00EAB488 /* Assets.xcassets */ = {isa = PBXFileReference; lastKnownFileType = folder.assetcatalog; path = Assets.xcassets; sourceTree = "<group>"; };
		083AA69D2536CC5E00EAB488 /* Base */ = {isa = PBXFileReference; lastKnownFileType = file.storyboard; name = Base; path = Base.lproj/LaunchScreen.storyboard; sourceTree = "<group>"; };
		083AA69F2536CC5E00EAB488 /* Info.plist */ = {isa = PBXFileReference; lastKnownFileType = text.plist.xml; path = Info.plist; sourceTree = "<group>"; };
		083AA6A42536CC5F00EAB488 /* TaskTests.xctest */ = {isa = PBXFileReference; explicitFileType = wrapper.cfbundle; includeInIndex = 0; path = TaskTests.xctest; sourceTree = BUILT_PRODUCTS_DIR; };
		083AA6A82536CC5F00EAB488 /* TaskTests.swift */ = {isa = PBXFileReference; lastKnownFileType = sourcecode.swift; path = TaskTests.swift; sourceTree = "<group>"; };
		083AA6AA2536CC5F00EAB488 /* Info.plist */ = {isa = PBXFileReference; lastKnownFileType = text.plist.xml; path = Info.plist; sourceTree = "<group>"; };
		083AA6AF2536CC5F00EAB488 /* TaskUITests.xctest */ = {isa = PBXFileReference; explicitFileType = wrapper.cfbundle; includeInIndex = 0; path = TaskUITests.xctest; sourceTree = BUILT_PRODUCTS_DIR; };
		083AA6B32536CC5F00EAB488 /* TaskUITests.swift */ = {isa = PBXFileReference; lastKnownFileType = sourcecode.swift; path = TaskUITests.swift; sourceTree = "<group>"; };
		083AA6B52536CC5F00EAB488 /* Info.plist */ = {isa = PBXFileReference; lastKnownFileType = text.plist.xml; path = Info.plist; sourceTree = "<group>"; };
		083AA6C12536CDFB00EAB488 /* TableViewController.swift */ = {isa = PBXFileReference; lastKnownFileType = sourcecode.swift; path = TableViewController.swift; sourceTree = "<group>"; };
		083AA6C32536D48B00EAB488 /* TableViewCell.swift */ = {isa = PBXFileReference; lastKnownFileType = sourcecode.swift; path = TableViewCell.swift; sourceTree = "<group>"; };
		083AA6C42536D48B00EAB488 /* TableViewCell.xib */ = {isa = PBXFileReference; lastKnownFileType = file.xib; path = TableViewCell.xib; sourceTree = "<group>"; };
		083AA6C72536DF7F00EAB488 /* FoodDetailsModel.swift */ = {isa = PBXFileReference; lastKnownFileType = sourcecode.swift; path = FoodDetailsModel.swift; sourceTree = "<group>"; };
		08ED99B72537075C0009EC99 /* CollectionViewCell.swift */ = {isa = PBXFileReference; lastKnownFileType = sourcecode.swift; path = CollectionViewCell.swift; sourceTree = "<group>"; };
		08ED99B82537075C0009EC99 /* CollectionViewCell.xib */ = {isa = PBXFileReference; lastKnownFileType = file.xib; path = CollectionViewCell.xib; sourceTree = "<group>"; };
/* End PBXFileReference section */

/* Begin PBXFrameworksBuildPhase section */
		083AA6882536CC5D00EAB488 /* Frameworks */ = {
			isa = PBXFrameworksBuildPhase;
			buildActionMask = 2147483647;
			files = (
			);
			runOnlyForDeploymentPostprocessing = 0;
		};
		083AA6A12536CC5F00EAB488 /* Frameworks */ = {
			isa = PBXFrameworksBuildPhase;
			buildActionMask = 2147483647;
			files = (
			);
			runOnlyForDeploymentPostprocessing = 0;
		};
		083AA6AC2536CC5F00EAB488 /* Frameworks */ = {
			isa = PBXFrameworksBuildPhase;
			buildActionMask = 2147483647;
			files = (
			);
			runOnlyForDeploymentPostprocessing = 0;
		};
/* End PBXFrameworksBuildPhase section */

/* Begin PBXGroup section */
		083AA6822536CC5D00EAB488 = {
			isa = PBXGroup;
			children = (
				083AA68D2536CC5D00EAB488 /* Task */,
				083AA6A72536CC5F00EAB488 /* TaskTests */,
				083AA6B22536CC5F00EAB488 /* TaskUITests */,
				083AA68C2536CC5D00EAB488 /* Products */,
			);
			sourceTree = "<group>";
		};
		083AA68C2536CC5D00EAB488 /* Products */ = {
			isa = PBXGroup;
			children = (
				083AA68B2536CC5D00EAB488 /* Task.app */,
				083AA6A42536CC5F00EAB488 /* TaskTests.xctest */,
				083AA6AF2536CC5F00EAB488 /* TaskUITests.xctest */,
			);
			name = Products;
			sourceTree = "<group>";
		};
		083AA68D2536CC5D00EAB488 /* Task */ = {
			isa = PBXGroup;
			children = (
				083AA68E2536CC5D00EAB488 /* AppDelegate.swift */,
				083AA6902536CC5D00EAB488 /* SceneDelegate.swift */,
				083AA6922536CC5D00EAB488 /* ViewController.swift */,
				083AA6942536CC5D00EAB488 /* Main.storyboard */,
				083AA69A2536CC5E00EAB488 /* Assets.xcassets */,
				083AA69C2536CC5E00EAB488 /* LaunchScreen.storyboard */,
				083AA69F2536CC5E00EAB488 /* Info.plist */,
				083AA6972536CC5D00EAB488 /* Task.xcdatamodeld */,
				083AA6C12536CDFB00EAB488 /* TableViewController.swift */,
				083AA6C32536D48B00EAB488 /* TableViewCell.swift */,
				083AA6C42536D48B00EAB488 /* TableViewCell.xib */,
				083AA6C72536DF7F00EAB488 /* FoodDetailsModel.swift */,
				08ED99B72537075C0009EC99 /* CollectionViewCell.swift */,
				08ED99B82537075C0009EC99 /* CollectionViewCell.xib */,
				080D410A25373E7900328F8F /* NavBar.swift */,
				080D410C25373E8C00328F8F /* NavBar.xib */,
			);
			path = Task;
			sourceTree = "<group>";
		};
		083AA6A72536CC5F00EAB488 /* TaskTests */ = {
			isa = PBXGroup;
			children = (
				083AA6A82536CC5F00EAB488 /* TaskTests.swift */,
				083AA6AA2536CC5F00EAB488 /* Info.plist */,
			);
			path = TaskTests;
			sourceTree = "<group>";
		};
		083AA6B22536CC5F00EAB488 /* TaskUITests */ = {
			isa = PBXGroup;
			children = (
				083AA6B32536CC5F00EAB488 /* TaskUITests.swift */,
				083AA6B52536CC5F00EAB488 /* Info.plist */,
			);
			path = TaskUITests;
			sourceTree = "<group>";
		};
/* End PBXGroup section */

/* Begin PBXNativeTarget section */
		083AA68A2536CC5D00EAB488 /* Task */ = {
			isa = PBXNativeTarget;
			buildConfigurationList = 083AA6B82536CC5F00EAB488 /* Build configuration list for PBXNativeTarget "Task" */;
			buildPhases = (
				083AA6872536CC5D00EAB488 /* Sources */,
				083AA6882536CC5D00EAB488 /* Frameworks */,
				083AA6892536CC5D00EAB488 /* Resources */,
			);
			buildRules = (
			);
			dependencies = (
			);
			name = Task;
			productName = Task;
			productReference = 083AA68B2536CC5D00EAB488 /* Task.app */;
			productType = "com.apple.product-type.application";
		};
		083AA6A32536CC5F00EAB488 /* TaskTests */ = {
			isa = PBXNativeTarget;
			buildConfigurationList = 083AA6BB2536CC5F00EAB488 /* Build configuration list for PBXNativeTarget "TaskTests" */;
			buildPhases = (
				083AA6A02536CC5F00EAB488 /* Sources */,
				083AA6A12536CC5F00EAB488 /* Frameworks */,
				083AA6A22536CC5F00EAB488 /* Resources */,
			);
			buildRules = (
			);
			dependencies = (
				083AA6A62536CC5F00EAB488 /* PBXTargetDependency */,
			);
			name = TaskTests;
			productName = TaskTests;
			productReference = 083AA6A42536CC5F00EAB488 /* TaskTests.xctest */;
			productType = "com.apple.product-type.bundle.unit-test";
		};
		083AA6AE2536CC5F00EAB488 /* TaskUITests */ = {
			isa = PBXNativeTarget;
			buildConfigurationList = 083AA6BE2536CC5F00EAB488 /* Build configuration list for PBXNativeTarget "TaskUITests" */;
			buildPhases = (
				083AA6AB2536CC5F00EAB488 /* Sources */,
				083AA6AC2536CC5F00EAB488 /* Frameworks */,
				083AA6AD2536CC5F00EAB488 /* Resources */,
			);
			buildRules = (
			);
			dependencies = (
				083AA6B12536CC5F00EAB488 /* PBXTargetDependency */,
			);
			name = TaskUITests;
			productName = TaskUITests;
			productReference = 083AA6AF2536CC5F00EAB488 /* TaskUITests.xctest */;
			productType = "com.apple.product-type.bundle.ui-testing";
		};
/* End PBXNativeTarget section */

/* Begin PBXProject section */
		083AA6832536CC5D00EAB488 /* Project object */ = {
			isa = PBXProject;
			attributes = {
				LastSwiftUpdateCheck = 1140;
				LastUpgradeCheck = 1140;
				ORGANIZATIONNAME = Taxgenie;
				TargetAttributes = {
					083AA68A2536CC5D00EAB488 = {
						CreatedOnToolsVersion = 11.4;
					};
					083AA6A32536CC5F00EAB488 = {
						CreatedOnToolsVersion = 11.4;
						TestTargetID = 083AA68A2536CC5D00EAB488;
					};
					083AA6AE2536CC5F00EAB488 = {
						CreatedOnToolsVersion = 11.4;
						TestTargetID = 083AA68A2536CC5D00EAB488;
					};
				};
			};
			buildConfigurationList = 083AA6862536CC5D00EAB488 /* Build configuration list for PBXProject "Task" */;
			compatibilityVersion = "Xcode 9.3";
			developmentRegion = en;
			hasScannedForEncodings = 0;
			knownRegions = (
				en,
				Base,
			);
			mainGroup = 083AA6822536CC5D00EAB488;
			productRefGroup = 083AA68C2536CC5D00EAB488 /* Products */;
			projectDirPath = "";
			projectRoot = "";
			targets = (
				083AA68A2536CC5D00EAB488 /* Task */,
				083AA6A32536CC5F00EAB488 /* TaskTests */,
				083AA6AE2536CC5F00EAB488 /* TaskUITests */,
			);
		};
/* End PBXProject section */

/* Begin PBXResourcesBuildPhase section */
		083AA6892536CC5D00EAB488 /* Resources */ = {
			isa = PBXResourcesBuildPhase;
			buildActionMask = 2147483647;
			files = (
				083AA69E2536CC5E00EAB488 /* LaunchScreen.storyboard in Resources */,
				083AA6C62536D48B00EAB488 /* TableViewCell.xib in Resources */,
				083AA69B2536CC5E00EAB488 /* Assets.xcassets in Resources */,
				080D410D25373E8C00328F8F /* NavBar.xib in Resources */,
				083AA6962536CC5D00EAB488 /* Main.storyboard in Resources */,
				08ED99BA2537075C0009EC99 /* CollectionViewCell.xib in Resources */,
			);
			runOnlyForDeploymentPostprocessing = 0;
		};
		083AA6A22536CC5F00EAB488 /* Resources */ = {
			isa = PBXResourcesBuildPhase;
			buildActionMask = 2147483647;
			files = (
			);
			runOnlyForDeploymentPostprocessing = 0;
		};
		083AA6AD2536CC5F00EAB488 /* Resources */ = {
			isa = PBXResourcesBuildPhase;
			buildActionMask = 2147483647;
			files = (
			);
			runOnlyForDeploymentPostprocessing = 0;
		};
/* End PBXResourcesBuildPhase section */

/* Begin PBXSourcesBuildPhase section */
		083AA6872536CC5D00EAB488 /* Sources */ = {
			isa = PBXSourcesBuildPhase;
			buildActionMask = 2147483647;
			files = (
				083AA6C82536DF7F00EAB488 /* FoodDetailsModel.swift in Sources */,
				083AA6992536CC5D00EAB488 /* Task.xcdatamodeld in Sources */,
				080D410B25373E7900328F8F /* NavBar.swift in Sources */,
				08ED99B92537075C0009EC99 /* CollectionViewCell.swift in Sources */,
				083AA6932536CC5D00EAB488 /* ViewController.swift in Sources */,
				083AA68F2536CC5D00EAB488 /* AppDelegate.swift in Sources */,
				083AA6C52536D48B00EAB488 /* TableViewCell.swift in Sources */,
				083AA6C22536CDFB00EAB488 /* TableViewController.swift in Sources */,
				083AA6912536CC5D00EAB488 /* SceneDelegate.swift in Sources */,
			);
			runOnlyForDeploymentPostprocessing = 0;
		};
		083AA6A02536CC5F00EAB488 /* Sources */ = {
			isa = PBXSourcesBuildPhase;
			buildActionMask = 2147483647;
			files = (
				083AA6A92536CC5F00EAB488 /* TaskTests.swift in Sources */,
			);
			runOnlyForDeploymentPostprocessing = 0;
		};
		083AA6AB2536CC5F00EAB488 /* Sources */ = {
			isa = PBXSourcesBuildPhase;
			buildActionMask = 2147483647;
			files = (
				083AA6B42536CC5F00EAB488 /* TaskUITests.swift in Sources */,
			);
			runOnlyForDeploymentPostprocessing = 0;
		};
/* End PBXSourcesBuildPhase section */

/* Begin PBXTargetDependency section */
		083AA6A62536CC5F00EAB488 /* PBXTargetDependency */ = {
			isa = PBXTargetDependency;
			target = 083AA68A2536CC5D00EAB488 /* Task */;
			targetProxy = 083AA6A52536CC5F00EAB488 /* PBXContainerItemProxy */;
		};
		083AA6B12536CC5F00EAB488 /* PBXTargetDependency */ = {
			isa = PBXTargetDependency;
			target = 083AA68A2536CC5D00EAB488 /* Task */;
			targetProxy = 083AA6B02536CC5F00EAB488 /* PBXContainerItemProxy */;
		};
/* End PBXTargetDependency section */

/* Begin PBXVariantGroup section */
		083AA6942536CC5D00EAB488 /* Main.storyboard */ = {
			isa = PBXVariantGroup;
			children = (
				083AA6952536CC5D00EAB488 /* Base */,
			);
			name = Main.storyboard;
			sourceTree = "<group>";
		};
		083AA69C2536CC5E00EAB488 /* LaunchScreen.storyboard */ = {
			isa = PBXVariantGroup;
			children = (
				083AA69D2536CC5E00EAB488 /* Base */,
			);
			name = LaunchScreen.storyboard;
			sourceTree = "<group>";
		};
/* End PBXVariantGroup section */

/* Begin XCBuildConfiguration section */
		083AA6B62536CC5F00EAB488 /* Debug */ = {
			isa = XCBuildConfiguration;
			buildSettings = {
				ALWAYS_SEARCH_USER_PATHS = NO;
				CLANG_ANALYZER_NONNULL = YES;
				CLANG_ANALYZER_NUMBER_OBJECT_CONVERSION = YES_AGGRESSIVE;
				CLANG_CXX_LANGUAGE_STANDARD = "gnu++14";
				CLANG_CXX_LIBRARY = "libc++";
				CLANG_ENABLE_MODULES = YES;
				CLANG_ENABLE_OBJC_ARC = YES;
				CLANG_ENABLE_OBJC_WEAK = YES;
				CLANG_WARN_BLOCK_CAPTURE_AUTORELEASING = YES;
				CLANG_WARN_BOOL_CONVERSION = YES;
				CLANG_WARN_COMMA = YES;
				CLANG_WARN_CONSTANT_CONVERSION = YES;
				CLANG_WARN_DEPRECATED_OBJC_IMPLEMENTATIONS = YES;
				CLANG_WARN_DIRECT_OBJC_ISA_USAGE = YES_ERROR;
				CLANG_WARN_DOCUMENTATION_COMMENTS = YES;
				CLANG_WARN_EMPTY_BODY = YES;
				CLANG_WARN_ENUM_CONVERSION = YES;
				CLANG_WARN_INFINITE_RECURSION = YES;
				CLANG_WARN_INT_CONVERSION = YES;
				CLANG_WARN_NON_LITERAL_NULL_CONVERSION = YES;
				CLANG_WARN_OBJC_IMPLICIT_RETAIN_SELF = YES;
				CLANG_WARN_OBJC_LITERAL_CONVERSION = YES;
				CLANG_WARN_OBJC_ROOT_CLASS = YES_ERROR;
				CLANG_WARN_RANGE_LOOP_ANALYSIS = YES;
				CLANG_WARN_STRICT_PROTOTYPES = YES;
				CLANG_WARN_SUSPICIOUS_MOVE = YES;
				CLANG_WARN_UNGUARDED_AVAILABILITY = YES_AGGRESSIVE;
				CLANG_WARN_UNREACHABLE_CODE = YES;
				CLANG_WARN__DUPLICATE_METHOD_MATCH = YES;
				COPY_PHASE_STRIP = NO;
				DEBUG_INFORMATION_FORMAT = dwarf;
				ENABLE_STRICT_OBJC_MSGSEND = YES;
				ENABLE_TESTABILITY = YES;
				GCC_C_LANGUAGE_STANDARD = gnu11;
				GCC_DYNAMIC_NO_PIC = NO;
				GCC_NO_COMMON_BLOCKS = YES;
				GCC_OPTIMIZATION_LEVEL = 0;
				GCC_PREPROCESSOR_DEFINITIONS = (
					"DEBUG=1",
					"$(inherited)",
				);
				GCC_WARN_64_TO_32_BIT_CONVERSION = YES;
				GCC_WARN_ABOUT_RETURN_TYPE = YES_ERROR;
				GCC_WARN_UNDECLARED_SELECTOR = YES;
				GCC_WARN_UNINITIALIZED_AUTOS = YES_AGGRESSIVE;
				GCC_WARN_UNUSED_FUNCTION = YES;
				GCC_WARN_UNUSED_VARIABLE = YES;
				IPHONEOS_DEPLOYMENT_TARGET = 13.4;
				MTL_ENABLE_DEBUG_INFO = INCLUDE_SOURCE;
				MTL_FAST_MATH = YES;
				ONLY_ACTIVE_ARCH = YES;
				SDKROOT = iphoneos;
				SWIFT_ACTIVE_COMPILATION_CONDITIONS = DEBUG;
				SWIFT_OPTIMIZATION_LEVEL = "-Onone";
			};
			name = Debug;
		};
		083AA6B72536CC5F00EAB488 /* Release */ = {
			isa = XCBuildConfiguration;
			buildSettings = {
				ALWAYS_SEARCH_USER_PATHS = NO;
				CLANG_ANALYZER_NONNULL = YES;
				CLANG_ANALYZER_NUMBER_OBJECT_CONVERSION = YES_AGGRESSIVE;
				CLANG_CXX_LANGUAGE_STANDARD = "gnu++14";
				CLANG_CXX_LIBRARY = "libc++";
				CLANG_ENABLE_MODULES = YES;
				CLANG_ENABLE_OBJC_ARC = YES;
				CLANG_ENABLE_OBJC_WEAK = YES;
				CLANG_WARN_BLOCK_CAPTURE_AUTORELEASING = YES;
				CLANG_WARN_BOOL_CONVERSION = YES;
				CLANG_WARN_COMMA = YES;
				CLANG_WARN_CONSTANT_CONVERSION = YES;
				CLANG_WARN_DEPRECATED_OBJC_IMPLEMENTATIONS = YES;
				CLANG_WARN_DIRECT_OBJC_ISA_USAGE = YES_ERROR;
				CLANG_WARN_DOCUMENTATION_COMMENTS = YES;
				CLANG_WARN_EMPTY_BODY = YES;
				CLANG_WARN_ENUM_CONVERSION = YES;
				CLANG_WARN_INFINITE_RECURSION = YES;
				CLANG_WARN_INT_CONVERSION = YES;
				CLANG_WARN_NON_LITERAL_NULL_CONVERSION = YES;
				CLANG_WARN_OBJC_IMPLICIT_RETAIN_SELF = YES;
				CLANG_WARN_OBJC_LITERAL_CONVERSION = YES;
				CLANG_WARN_OBJC_ROOT_CLASS = YES_ERROR;
				CLANG_WARN_RANGE_LOOP_ANALYSIS = YES;
				CLANG_WARN_STRICT_PROTOTYPES = YES;
				CLANG_WARN_SUSPICIOUS_MOVE = YES;
				CLANG_WARN_UNGUARDED_AVAILABILITY = YES_AGGRESSIVE;
				CLANG_WARN_UNREACHABLE_CODE = YES;
				CLANG_WARN__DUPLICATE_METHOD_MATCH = YES;
				COPY_PHASE_STRIP = NO;
				DEBUG_INFORMATION_FORMAT = "dwarf-with-dsym";
				ENABLE_NS_ASSERTIONS = NO;
				ENABLE_STRICT_OBJC_MSGSEND = YES;
				GCC_C_LANGUAGE_STANDARD = gnu11;
				GCC_NO_COMMON_BLOCKS = YES;
				GCC_WARN_64_TO_32_BIT_CONVERSION = YES;
				GCC_WARN_ABOUT_RETURN_TYPE = YES_ERROR;
				GCC_WARN_UNDECLARED_SELECTOR = YES;
				GCC_WARN_UNINITIALIZED_AUTOS = YES_AGGRESSIVE;
				GCC_WARN_UNUSED_FUNCTION = YES;
				GCC_WARN_UNUSED_VARIABLE = YES;
				IPHONEOS_DEPLOYMENT_TARGET = 13.4;
				MTL_ENABLE_DEBUG_INFO = NO;
				MTL_FAST_MATH = YES;
				SDKROOT = iphoneos;
				SWIFT_COMPILATION_MODE = wholemodule;
				SWIFT_OPTIMIZATION_LEVEL = "-O";
				VALIDATE_PRODUCT = YES;
			};
			name = Release;
		};
		083AA6B92536CC5F00EAB488 /* Debug */ = {
			isa = XCBuildConfiguration;
			buildSettings = {
				ASSETCATALOG_COMPILER_APPICON_NAME = AppIcon;
				CODE_SIGN_STYLE = Automatic;
				DEVELOPMENT_TEAM = 5LW4W27F6C;
				INFOPLIST_FILE = Task/Info.plist;
				LD_RUNPATH_SEARCH_PATHS = (
					"$(inherited)",
					"@executable_path/Frameworks",
				);
				PRODUCT_BUNDLE_IDENTIFIER = Taxgenie.Task;
				PRODUCT_NAME = "$(TARGET_NAME)";
				SWIFT_VERSION = 5.0;
				TARGETED_DEVICE_FAMILY = "1,2";
			};
			name = Debug;
		};
		083AA6BA2536CC5F00EAB488 /* Release */ = {
			isa = XCBuildConfiguration;
			buildSettings = {
				ASSETCATALOG_COMPILER_APPICON_NAME = AppIcon;
				CODE_SIGN_STYLE = Automatic;
				DEVELOPMENT_TEAM = 5LW4W27F6C;
				INFOPLIST_FILE = Task/Info.plist;
				LD_RUNPATH_SEARCH_PATHS = (
					"$(inherited)",
					"@executable_path/Frameworks",
				);
				PRODUCT_BUNDLE_IDENTIFIER = Taxgenie.Task;
				PRODUCT_NAME = "$(TARGET_NAME)";
				SWIFT_VERSION = 5.0;
				TARGETED_DEVICE_FAMILY = "1,2";
			};
			name = Release;
		};
		083AA6BC2536CC5F00EAB488 /* Debug */ = {
			isa = XCBuildConfiguration;
			buildSettings = {
				ALWAYS_EMBED_SWIFT_STANDARD_LIBRARIES = YES;
				BUNDLE_LOADER = "$(TEST_HOST)";
				CODE_SIGN_STYLE = Automatic;
				DEVELOPMENT_TEAM = 5LW4W27F6C;
				INFOPLIST_FILE = TaskTests/Info.plist;
				IPHONEOS_DEPLOYMENT_TARGET = 13.4;
				LD_RUNPATH_SEARCH_PATHS = (
					"$(inherited)",
					"@executable_path/Frameworks",
					"@loader_path/Frameworks",
				);
				PRODUCT_BUNDLE_IDENTIFIER = Taxgenie.TaskTests;
				PRODUCT_NAME = "$(TARGET_NAME)";
				SWIFT_VERSION = 5.0;
				TARGETED_DEVICE_FAMILY = "1,2";
				TEST_HOST = "$(BUILT_PRODUCTS_DIR)/Task.app/Task";
			};
			name = Debug;
		};
		083AA6BD2536CC5F00EAB488 /* Release */ = {
			isa = XCBuildConfiguration;
			buildSettings = {
				ALWAYS_EMBED_SWIFT_STANDARD_LIBRARIES = YES;
				BUNDLE_LOADER = "$(TEST_HOST)";
				CODE_SIGN_STYLE = Automatic;
				DEVELOPMENT_TEAM = 5LW4W27F6C;
				INFOPLIST_FILE = TaskTests/Info.plist;
				IPHONEOS_DEPLOYMENT_TARGET = 13.4;
				LD_RUNPATH_SEARCH_PATHS = (
					"$(inherited)",
					"@executable_path/Frameworks",
					"@loader_path/Frameworks",
				);
				PRODUCT_BUNDLE_IDENTIFIER = Taxgenie.TaskTests;
				PRODUCT_NAME = "$(TARGET_NAME)";
				SWIFT_VERSION = 5.0;
				TARGETED_DEVICE_FAMILY = "1,2";
				TEST_HOST = "$(BUILT_PRODUCTS_DIR)/Task.app/Task";
			};
			name = Release;
		};
		083AA6BF2536CC5F00EAB488 /* Debug */ = {
			isa = XCBuildConfiguration;
			buildSettings = {
				ALWAYS_EMBED_SWIFT_STANDARD_LIBRARIES = YES;
				CODE_SIGN_STYLE = Automatic;
				DEVELOPMENT_TEAM = 5LW4W27F6C;
				INFOPLIST_FILE = TaskUITests/Info.plist;
				LD_RUNPATH_SEARCH_PATHS = (
					"$(inherited)",
					"@executable_path/Frameworks",
					"@loader_path/Frameworks",
				);
				PRODUCT_BUNDLE_IDENTIFIER = Taxgenie.TaskUITests;
				PRODUCT_NAME = "$(TARGET_NAME)";
				SWIFT_VERSION = 5.0;
				TARGETED_DEVICE_FAMILY = "1,2";
				TEST_TARGET_NAME = Task;
			};
			name = Debug;
		};
		083AA6C02536CC5F00EAB488 /* Release */ = {
			isa = XCBuildConfiguration;
			buildSettings = {
				ALWAYS_EMBED_SWIFT_STANDARD_LIBRARIES = YES;
				CODE_SIGN_STYLE = Automatic;
				DEVELOPMENT_TEAM = 5LW4W27F6C;
				INFOPLIST_FILE = TaskUITests/Info.plist;
				LD_RUNPATH_SEARCH_PATHS = (
					"$(inherited)",
					"@executable_path/Frameworks",
					"@loader_path/Frameworks",
				);
				PRODUCT_BUNDLE_IDENTIFIER = Taxgenie.TaskUITests;
				PRODUCT_NAME = "$(TARGET_NAME)";
				SWIFT_VERSION = 5.0;
				TARGETED_DEVICE_FAMILY = "1,2";
				TEST_TARGET_NAME = Task;
			};
			name = Release;
		};
/* End XCBuildConfiguration section */

/* Begin XCConfigurationList section */
		083AA6862536CC5D00EAB488 /* Build configuration list for PBXProject "Task" */ = {
			isa = XCConfigurationList;
			buildConfigurations = (
				083AA6B62536CC5F00EAB488 /* Debug */,
				083AA6B72536CC5F00EAB488 /* Release */,
			);
			defaultConfigurationIsVisible = 0;
			defaultConfigurationName = Release;
		};
		083AA6B82536CC5F00EAB488 /* Build configuration list for PBXNativeTarget "Task" */ = {
			isa = XCConfigurationList;
			buildConfigurations = (
				083AA6B92536CC5F00EAB488 /* Debug */,
				083AA6BA2536CC5F00EAB488 /* Release */,
			);
			defaultConfigurationIsVisible = 0;
			defaultConfigurationName = Release;
		};
		083AA6BB2536CC5F00EAB488 /* Build configuration list for PBXNativeTarget "TaskTests" */ = {
			isa = XCConfigurationList;
			buildConfigurations = (
				083AA6BC2536CC5F00EAB488 /* Debug */,
				083AA6BD2536CC5F00EAB488 /* Release */,
			);
			defaultConfigurationIsVisible = 0;
			defaultConfigurationName = Release;
		};
		083AA6BE2536CC5F00EAB488 /* Build configuration list for PBXNativeTarget "TaskUITests" */ = {
			isa = XCConfigurationList;
			buildConfigurations = (
				083AA6BF2536CC5F00EAB488 /* Debug */,
				083AA6C02536CC5F00EAB488 /* Release */,
			);
			defaultConfigurationIsVisible = 0;
			defaultConfigurationName = Release;
		};
/* End XCConfigurationList section */

/* Begin XCVersionGroup section */
		083AA6972536CC5D00EAB488 /* Task.xcdatamodeld */ = {
			isa = XCVersionGroup;
			children = (
				083AA6982536CC5D00EAB488 /* Task.xcdatamodel */,
			);
			currentVersion = 083AA6982536CC5D00EAB488 /* Task.xcdatamodel */;
			path = Task.xcdatamodeld;
			sourceTree = "<group>";
			versionGroupType = wrapper.xcdatamodel;
		};
/* End XCVersionGroup section */
	};
	rootObject = 083AA6832536CC5D00EAB488 /* Project object */;
}
